schema: '2.0'
stages:
  prepare_data:
    cmd: python ml/scripts/prepare_data.py
    deps:
    - path: ml/src/data/load.py
      hash: md5
      md5: b38b6d05680650dcef940e23f421a4b9
      size: 6827
    - path: ml/src/data/validate.py
      hash: md5
      md5: 954875e864f4d353f961bea29aa3dc28
      size: 2019
    outs:
    - path: data/processed/dataset.csv
      hash: md5
      md5: bd0d0356c49e0e2d4d4f922689a77562
      size: 34457
    - path: data/processed/validation_report.json
      hash: md5
      md5: ab87755c6075c55d64f34646b9511e0b
      size: 668
  train:
    cmd: python ml/scripts/train.py --dataset data/processed/dataset.csv
    deps:
    - path: data/processed/dataset.csv
      hash: md5
      md5: dce49e923e37fcd5d3c7d1c3fa21d910
      size: 14839
    - path: ml/scripts/train.py
      hash: md5
      md5: 0b53261a93abd3251ff80305b058057f
      size: 3969
    - path: ml/src
      hash: md5
      md5: 874cd166ac1baeeca5b7cb695952ea14.dir
      size: 73550
      nfiles: 51
  evaluate:
    cmd: python ml/scripts/evaluate.py --dataset data/processed/dataset.csv
    deps:
    - path: data/processed/dataset.csv
      hash: md5
      md5: dce49e923e37fcd5d3c7d1c3fa21d910
      size: 14839
    - path: ml/scripts/evaluate.py
      hash: md5
      md5: bf5c14c4c83ca4cb5321f8499ad90650
      size: 2061
    - path: ml/src
      hash: md5
      md5: 874cd166ac1baeeca5b7cb695952ea14.dir
      size: 73550
      nfiles: 51
